
Microsoft Visual Studio Solution File, Format Version 12.00
# Visual Studio Version 17
VisualStudioVersion = 17.10.34928.147
MinimumVisualStudioVersion = 10.0.40219.1
Project("{9A19103F-16F7-4668-BE54-9A1E7A4F7556}") = "Demo.Auth.Entidades", "Demo.Auth.Entidades\Demo.Auth.Entidades.csproj", "{2A483A58-7412-4B53-A265-2756FD2BA665}"
EndProject
Project("{9A19103F-16F7-4668-BE54-9A1E7A4F7556}") = "Demo.Auth.Repositorio", "Demo.Auth.Repositorio\Demo.Auth.Repositorio.csproj", "{B2881876-0900-4D68-8910-9934EECDB55C}"
EndProject
Project("{9A19103F-16F7-4668-BE54-9A1E7A4F7556}") = "Demo.Auth.Servicio", "Demo.Auth.Servicio\Demo.Auth.Servicio.csproj", "{646F61CA-BCBB-405A-BA11-41B29F4DED17}"
EndProject
Project("{9A19103F-16F7-4668-BE54-9A1E7A4F7556}") = "Demo.Auth.Negocio", "Demo.Auth.Negocio\Demo.Auth.Negocio.csproj", "{4069C0A4-E73F-4DED-86E7-5FE27DE54DA6}"
EndProject
Project("{FAE04EC0-301F-11D3-BF4B-00C04F79EFBC}") = "Demo.Auth.Test", "Demo.Auth.Test\Demo.Auth.Test.csproj", "{840F60E6-FB74-44DE-8156-609B373AFE45}"
EndProject
Project("{FAE04EC0-301F-11D3-BF4B-00C04F79EFBC}") = "Demo.Auth.Servicio2", "Demo.Auth.Servicio2\Demo.Auth.Servicio2.csproj", "{D25561DB-22BA-4AB3-A050-311D7F235E9D}"
EndProject
Global
	GlobalSection(SolutionConfigurationPlatforms) = preSolution
		Debug|Any CPU = Debug|Any CPU
		Release|Any CPU = Release|Any CPU
	EndGlobalSection
	GlobalSection(ProjectConfigurationPlatforms) = postSolution
		{2A483A58-7412-4B53-A265-2756FD2BA665}.Debug|Any CPU.ActiveCfg = Debug|Any CPU
		{2A483A58-7412-4B53-A265-2756FD2BA665}.Debug|Any CPU.Build.0 = Debug|Any CPU
		{2A483A58-7412-4B53-A265-2756FD2BA665}.Release|Any CPU.ActiveCfg = Release|Any CPU
		{2A483A58-7412-4B53-A265-2756FD2BA665}.Release|Any CPU.Build.0 = Release|Any CPU
		{B2881876-0900-4D68-8910-9934EECDB55C}.Debug|Any CPU.ActiveCfg = Debug|Any CPU
		{B2881876-0900-4D68-8910-9934EECDB55C}.Debug|Any CPU.Build.0 = Debug|Any CPU
		{B2881876-0900-4D68-8910-9934EECDB55C}.Release|Any CPU.ActiveCfg = Release|Any CPU
		{B2881876-0900-4D68-8910-9934EECDB55C}.Release|Any CPU.Build.0 = Release|Any CPU
		{646F61CA-BCBB-405A-BA11-41B29F4DED17}.Debug|Any CPU.ActiveCfg = Debug|Any CPU
		{646F61CA-BCBB-405A-BA11-41B29F4DED17}.Debug|Any CPU.Build.0 = Debug|Any CPU
		{646F61CA-BCBB-405A-BA11-41B29F4DED17}.Release|Any CPU.ActiveCfg = Release|Any CPU
		{646F61CA-BCBB-405A-BA11-41B29F4DED17}.Release|Any CPU.Build.0 = Release|Any CPU
		{4069C0A4-E73F-4DED-86E7-5FE27DE54DA6}.Debug|Any CPU.ActiveCfg = Debug|Any CPU
		{4069C0A4-E73F-4DED-86E7-5FE27DE54DA6}.Debug|Any CPU.Build.0 = Debug|Any CPU
		{4069C0A4-E73F-4DED-86E7-5FE27DE54DA6}.Release|Any CPU.ActiveCfg = Release|Any CPU
		{4069C0A4-E73F-4DED-86E7-5FE27DE54DA6}.Release|Any CPU.Build.0 = Release|Any CPU
		{840F60E6-FB74-44DE-8156-609B373AFE45}.Debug|Any CPU.ActiveCfg = Debug|Any CPU
		{840F60E6-FB74-44DE-8156-609B373AFE45}.Debug|Any CPU.Build.0 = Debug|Any CPU
		{840F60E6-FB74-44DE-8156-609B373AFE45}.Release|Any CPU.ActiveCfg = Release|Any CPU
		{840F60E6-FB74-44DE-8156-609B373AFE45}.Release|Any CPU.Build.0 = Release|Any CPU
		{D25561DB-22BA-4AB3-A050-311D7F235E9D}.Debug|Any CPU.ActiveCfg = Debug|Any CPU
		{D25561DB-22BA-4AB3-A050-311D7F235E9D}.Debug|Any CPU.Build.0 = Debug|Any CPU
		{D25561DB-22BA-4AB3-A050-311D7F235E9D}.Release|Any CPU.ActiveCfg = Release|Any CPU
		{D25561DB-22BA-4AB3-A050-311D7F235E9D}.Release|Any CPU.Build.0 = Release|Any CPU
	EndGlobalSection
	GlobalSection(SolutionProperties) = preSolution
		HideSolutionNode = FALSE
	EndGlobalSection
	GlobalSection(ExtensibilityGlobals) = postSolution
		SolutionGuid = {802C5327-5DD9-4DC7-8BC4-7B711349742E}
	EndGlobalSection
EndGlobal
